
Microsoft Visual Studio Solution File, Format Version 12.00
# Visual Studio Version 17
VisualStudioVersion = 17.5.2.0
MinimumVisualStudioVersion = 10.0.40219.1
Project("{FAE04EC0-301F-11D3-BF4B-00C04F79EFBC}") = "HelloWorld", "HelloWorld.csproj", "{5082FA0B-EAB0-978A-084C-F92A05706358}"
EndProject
Project("{FAE04EC0-301F-11D3-BF4B-00C04F79EFBC}") = "ConditionalPractice", "..\ConditionalPractice\ConditionalPractice.csproj", "{3E179A5A-682B-409A-B0E3-1B3DD1B9B93C}"
EndProject
Global
	GlobalSection(SolutionConfigurationPlatforms) = preSolution
		Debug|Any CPU = Debug|Any CPU
		Debug|x64 = Debug|x64
		Debug|x86 = Debug|x86
		Release|Any CPU = Release|Any CPU
		Release|x64 = Release|x64
		Release|x86 = Release|x86
	EndGlobalSection
	GlobalSection(ProjectConfigurationPlatforms) = postSolution
		{5082FA0B-EAB0-978A-084C-F92A05706358}.Debug|Any CPU.ActiveCfg = Debug|Any CPU
		{5082FA0B-EAB0-978A-084C-F92A05706358}.Debug|Any CPU.Build.0 = Debug|Any CPU
		{5082FA0B-EAB0-978A-084C-F92A05706358}.Debug|x64.ActiveCfg = Debug|Any CPU
		{5082FA0B-EAB0-978A-084C-F92A05706358}.Debug|x64.Build.0 = Debug|Any CPU
		{5082FA0B-EAB0-978A-084C-F92A05706358}.Debug|x86.ActiveCfg = Debug|Any CPU
		{5082FA0B-EAB0-978A-084C-F92A05706358}.Debug|x86.Build.0 = Debug|Any CPU
		{5082FA0B-EAB0-978A-084C-F92A05706358}.Release|Any CPU.ActiveCfg = Release|Any CPU
		{5082FA0B-EAB0-978A-084C-F92A05706358}.Release|Any CPU.Build.0 = Release|Any CPU
		{5082FA0B-EAB0-978A-084C-F92A05706358}.Release|x64.ActiveCfg = Release|Any CPU
		{5082FA0B-EAB0-978A-084C-F92A05706358}.Release|x64.Build.0 = Release|Any CPU
		{5082FA0B-EAB0-978A-084C-F92A05706358}.Release|x86.ActiveCfg = Release|Any CPU
		{5082FA0B-EAB0-978A-084C-F92A05706358}.Release|x86.Build.0 = Release|Any CPU
		{3E179A5A-682B-409A-B0E3-1B3DD1B9B93C}.Debug|Any CPU.ActiveCfg = Debug|Any CPU
		{3E179A5A-682B-409A-B0E3-1B3DD1B9B93C}.Debug|Any CPU.Build.0 = Debug|Any CPU
		{3E179A5A-682B-409A-B0E3-1B3DD1B9B93C}.Debug|x64.ActiveCfg = Debug|Any CPU
		{3E179A5A-682B-409A-B0E3-1B3DD1B9B93C}.Debug|x64.Build.0 = Debug|Any CPU
		{3E179A5A-682B-409A-B0E3-1B3DD1B9B93C}.Debug|x86.ActiveCfg = Debug|Any CPU
		{3E179A5A-682B-409A-B0E3-1B3DD1B9B93C}.Debug|x86.Build.0 = Debug|Any CPU
		{3E179A5A-682B-409A-B0E3-1B3DD1B9B93C}.Release|Any CPU.ActiveCfg = Release|Any CPU
		{3E179A5A-682B-409A-B0E3-1B3DD1B9B93C}.Release|Any CPU.Build.0 = Release|Any CPU
		{3E179A5A-682B-409A-B0E3-1B3DD1B9B93C}.Release|x64.ActiveCfg = Release|Any CPU
		{3E179A5A-682B-409A-B0E3-1B3DD1B9B93C}.Release|x64.Build.0 = Release|Any CPU
		{3E179A5A-682B-409A-B0E3-1B3DD1B9B93C}.Release|x86.ActiveCfg = Release|Any CPU
		{3E179A5A-682B-409A-B0E3-1B3DD1B9B93C}.Release|x86.Build.0 = Release|Any CPU
	EndGlobalSection
	GlobalSection(SolutionProperties) = preSolution
		HideSolutionNode = FALSE
	EndGlobalSection
	GlobalSection(ExtensibilityGlobals) = postSolution
		SolutionGuid = {E4B38C4B-B97F-4AB9-B718-352507432B11}
	EndGlobalSection
EndGlobal
