Microsoft Visual Studio Solution File, Format Version 12.00
# Visual Studio Version 17
VisualStudioVersion = 17.5.2.0
MinimumVisualStudioVersion = 10.0.40219.1
Project("{FAE04EC0-301F-11D3-BF4B-00C04F79EFBC}") = "ArrayExercises", "ArrayExercises.csproj", "{BB2ABBA6-B215-5ABC-9D77-517BF2375CFE}"
EndProject
Global
	GlobalSection(SolutionConfigurationPlatforms) = preSolution
		Debug|Any CPU = Debug|Any CPU
		Release|Any CPU = Release|Any CPU
	EndGlobalSection
	GlobalSection(ProjectConfigurationPlatforms) = postSolution
		{BB2ABBA6-B215-5ABC-9D77-517BF2375CFE}.Debug|Any CPU.ActiveCfg = Debug|Any CPU
		{BB2ABBA6-B215-5ABC-9D77-517BF2375CFE}.Debug|Any CPU.Build.0 = Debug|Any CPU
		{BB2ABBA6-B215-5ABC-9D77-517BF2375CFE}.Release|Any CPU.ActiveCfg = Release|Any CPU
		{BB2ABBA6-B215-5ABC-9D77-517BF2375CFE}.Release|Any CPU.Build.0 = Release|Any CPU
	EndGlobalSection
	GlobalSection(SolutionProperties) = preSolution
		HideSolutionNode = FALSE
	EndGlobalSection
	GlobalSection(ExtensibilityGlobals) = postSolution
		SolutionGuid = {DF1D7887-1B83-4103-AEFE-83CA36107677}
	EndGlobalSection
EndGlobal
